
Microsoft Visual Studio Solution File, Format Version 12.00
# Visual Studio Version 16
VisualStudioVersion = 16.0.31424.327
MinimumVisualStudioVersion = 10.0.40219.1
Project("{888888A0-9F3D-457C-B088-3A5042F75D52}") = "PeterLynchFairValue", "PeterLynchFairValue\PeterLynchFairValue.pyproj", "{A7335DF5-70CB-468F-9A85-D58183213952}"
EndProject
Global
	GlobalSection(SolutionConfigurationPlatforms) = preSolution
		Debug|Any CPU = Debug|Any CPU
		Release|Any CPU = Release|Any CPU
	EndGlobalSection
	GlobalSection(ProjectConfigurationPlatforms) = postSolution
		{A7335DF5-70CB-468F-9A85-D58183213952}.Debug|Any CPU.ActiveCfg = Debug|Any CPU
		{A7335DF5-70CB-468F-9A85-D58183213952}.Release|Any CPU.ActiveCfg = Release|Any CPU
	EndGlobalSection
	GlobalSection(SolutionProperties) = preSolution
		HideSolutionNode = FALSE
	EndGlobalSection
	GlobalSection(ExtensibilityGlobals) = postSolution
		SolutionGuid = {C5898F66-2CE0-42D7-B31E-85FA512F2666}
	EndGlobalSection
EndGlobal
